
Microsoft Visual Studio Solution File, Format Version 12.00
# Visual Studio Version 17
VisualStudioVersion = 17.4.33213.308
MinimumVisualStudioVersion = 10.0.40219.1
Project("{FAE04EC0-301F-11D3-BF4B-00C04F79EFBC}") = "Movie Ticket Booking", "Movie Ticket Booking\Movie Ticket Booking.csproj", "{0E6F164A-6EDF-4EAD-A005-72D1CE746812}"
EndProject
Project("{FAE04EC0-301F-11D3-BF4B-00C04F79EFBC}") = "BusinessObject", "BusinessObject\BusinessObject.csproj", "{5A5240E2-82A7-401E-B7CF-3911E8E024F8}"
EndProject
Project("{FAE04EC0-301F-11D3-BF4B-00C04F79EFBC}") = "DataAccess", "DataAccess\DataAccess.csproj", "{27C657C6-2AEA-499C-8278-E0DB1B1A1528}"
EndProject
Project("{FAE04EC0-301F-11D3-BF4B-00C04F79EFBC}") = "BusinessLogic", "BusinessLogic\BusinessLogic.csproj", "{54478DEC-6766-477B-A952-C23C69A72F3C}"
EndProject
Global
	GlobalSection(SolutionConfigurationPlatforms) = preSolution
		Debug|Any CPU = Debug|Any CPU
		Release|Any CPU = Release|Any CPU
	EndGlobalSection
	GlobalSection(ProjectConfigurationPlatforms) = postSolution
		{0E6F164A-6EDF-4EAD-A005-72D1CE746812}.Debug|Any CPU.ActiveCfg = Debug|Any CPU
		{0E6F164A-6EDF-4EAD-A005-72D1CE746812}.Debug|Any CPU.Build.0 = Debug|Any CPU
		{0E6F164A-6EDF-4EAD-A005-72D1CE746812}.Release|Any CPU.ActiveCfg = Release|Any CPU
		{0E6F164A-6EDF-4EAD-A005-72D1CE746812}.Release|Any CPU.Build.0 = Release|Any CPU
		{5A5240E2-82A7-401E-B7CF-3911E8E024F8}.Debug|Any CPU.ActiveCfg = Debug|Any CPU
		{5A5240E2-82A7-401E-B7CF-3911E8E024F8}.Debug|Any CPU.Build.0 = Debug|Any CPU
		{5A5240E2-82A7-401E-B7CF-3911E8E024F8}.Release|Any CPU.ActiveCfg = Release|Any CPU
		{5A5240E2-82A7-401E-B7CF-3911E8E024F8}.Release|Any CPU.Build.0 = Release|Any CPU
		{27C657C6-2AEA-499C-8278-E0DB1B1A1528}.Debug|Any CPU.ActiveCfg = Debug|Any CPU
		{27C657C6-2AEA-499C-8278-E0DB1B1A1528}.Debug|Any CPU.Build.0 = Debug|Any CPU
		{27C657C6-2AEA-499C-8278-E0DB1B1A1528}.Release|Any CPU.ActiveCfg = Release|Any CPU
		{27C657C6-2AEA-499C-8278-E0DB1B1A1528}.Release|Any CPU.Build.0 = Release|Any CPU
		{54478DEC-6766-477B-A952-C23C69A72F3C}.Debug|Any CPU.ActiveCfg = Debug|Any CPU
		{54478DEC-6766-477B-A952-C23C69A72F3C}.Debug|Any CPU.Build.0 = Debug|Any CPU
		{54478DEC-6766-477B-A952-C23C69A72F3C}.Release|Any CPU.ActiveCfg = Release|Any CPU
		{54478DEC-6766-477B-A952-C23C69A72F3C}.Release|Any CPU.Build.0 = Release|Any CPU
	EndGlobalSection
	GlobalSection(SolutionProperties) = preSolution
		HideSolutionNode = FALSE
	EndGlobalSection
	GlobalSection(ExtensibilityGlobals) = postSolution
		SolutionGuid = {C0ADF94B-2154-42BA-BBAC-D18563B888AD}
	EndGlobalSection
EndGlobal
